
Microsoft Visual Studio Solution File, Format Version 12.00
# Visual Studio Version 17
VisualStudioVersion = 17.4.33103.184
MinimumVisualStudioVersion = 10.0.40219.1
Project("{FAE04EC0-301F-11D3-BF4B-00C04F79EFBC}") = "Silo", "StorageProviderTutorial\Silo.csproj", "{B741521E-862B-40CC-BC92-00E7C645350C}"
EndProject
Project("{FAE04EC0-301F-11D3-BF4B-00C04F79EFBC}") = "Grains", "Grains\Grains.csproj", "{53292019-6915-4C74-8F75-64CF6F09B610}"
EndProject
Project("{FAE04EC0-301F-11D3-BF4B-00C04F79EFBC}") = "Client", "Client\Client.csproj", "{9626281F-79ED-471D-B518-4B5A1538F6F3}"
EndProject
Project("{FAE04EC0-301F-11D3-BF4B-00C04F79EFBC}") = "GrainStorageProviders", "GrainStorageProviders\GrainStorageProviders.csproj", "{D3FC073B-7094-431F-84CB-18BAEEAF544B}"
EndProject
Global
	GlobalSection(SolutionConfigurationPlatforms) = preSolution
		Debug|Any CPU = Debug|Any CPU
		Release|Any CPU = Release|Any CPU
	EndGlobalSection
	GlobalSection(ProjectConfigurationPlatforms) = postSolution
		{B741521E-862B-40CC-BC92-00E7C645350C}.Debug|Any CPU.ActiveCfg = Debug|Any CPU
		{B741521E-862B-40CC-BC92-00E7C645350C}.Debug|Any CPU.Build.0 = Debug|Any CPU
		{B741521E-862B-40CC-BC92-00E7C645350C}.Release|Any CPU.ActiveCfg = Release|Any CPU
		{B741521E-862B-40CC-BC92-00E7C645350C}.Release|Any CPU.Build.0 = Release|Any CPU
		{53292019-6915-4C74-8F75-64CF6F09B610}.Debug|Any CPU.ActiveCfg = Debug|Any CPU
		{53292019-6915-4C74-8F75-64CF6F09B610}.Debug|Any CPU.Build.0 = Debug|Any CPU
		{53292019-6915-4C74-8F75-64CF6F09B610}.Release|Any CPU.ActiveCfg = Release|Any CPU
		{53292019-6915-4C74-8F75-64CF6F09B610}.Release|Any CPU.Build.0 = Release|Any CPU
		{9626281F-79ED-471D-B518-4B5A1538F6F3}.Debug|Any CPU.ActiveCfg = Debug|Any CPU
		{9626281F-79ED-471D-B518-4B5A1538F6F3}.Debug|Any CPU.Build.0 = Debug|Any CPU
		{9626281F-79ED-471D-B518-4B5A1538F6F3}.Release|Any CPU.ActiveCfg = Release|Any CPU
		{9626281F-79ED-471D-B518-4B5A1538F6F3}.Release|Any CPU.Build.0 = Release|Any CPU
		{D3FC073B-7094-431F-84CB-18BAEEAF544B}.Debug|Any CPU.ActiveCfg = Debug|Any CPU
		{D3FC073B-7094-431F-84CB-18BAEEAF544B}.Debug|Any CPU.Build.0 = Debug|Any CPU
		{D3FC073B-7094-431F-84CB-18BAEEAF544B}.Release|Any CPU.ActiveCfg = Release|Any CPU
		{D3FC073B-7094-431F-84CB-18BAEEAF544B}.Release|Any CPU.Build.0 = Release|Any CPU
	EndGlobalSection
	GlobalSection(SolutionProperties) = preSolution
		HideSolutionNode = FALSE
	EndGlobalSection
	GlobalSection(ExtensibilityGlobals) = postSolution
		SolutionGuid = {666F2110-03C2-4A7C-B326-33ECB8929334}
	EndGlobalSection
EndGlobal
